
Microsoft Visual Studio Solution File, Format Version 12.00
# Visual Studio Version 17
VisualStudioVersion = 17.6.33723.286
MinimumVisualStudioVersion = 10.0.40219.1
Project("{FAE04EC0-301F-11D3-BF4B-00C04F79EFBC}") = "Route71", "Route71\Route71.csproj", "{7A45E5B6-FE13-4230-A57E-02D3AC5B9DD9}"
EndProject
Global
	GlobalSection(SolutionConfigurationPlatforms) = preSolution
		Debug|Any CPU = Debug|Any CPU
		Release|Any CPU = Release|Any CPU
	EndGlobalSection
	GlobalSection(ProjectConfigurationPlatforms) = postSolution
		{7A45E5B6-FE13-4230-A57E-02D3AC5B9DD9}.Debug|Any CPU.ActiveCfg = Debug|Any CPU
		{7A45E5B6-FE13-4230-A57E-02D3AC5B9DD9}.Debug|Any CPU.Build.0 = Debug|Any CPU
		{7A45E5B6-FE13-4230-A57E-02D3AC5B9DD9}.Release|Any CPU.ActiveCfg = Release|Any CPU
		{7A45E5B6-FE13-4230-A57E-02D3AC5B9DD9}.Release|Any CPU.Build.0 = Release|Any CPU
	EndGlobalSection
	GlobalSection(SolutionProperties) = preSolution
		HideSolutionNode = FALSE
	EndGlobalSection
	GlobalSection(ExtensibilityGlobals) = postSolution
		SolutionGuid = {8AD6D1A1-22EB-47E5-A7D7-1C36F0F2571B}
	EndGlobalSection
EndGlobal
